
Microsoft Visual Studio Solution File, Format Version 12.00
# Visual Studio Version 17
VisualStudioVersion = 17.0.32112.339
MinimumVisualStudioVersion = 10.0.40219.1
Project("{FAE04EC0-301F-11D3-BF4B-00C04F79EFBC}") = "4Shapes", "4Shapes\4Shapes.csproj", "{CAD817CA-93E7-489C-9372-5283158035FF}"
EndProject
Global
	GlobalSection(SolutionConfigurationPlatforms) = preSolution
		Debug|Any CPU = Debug|Any CPU
		Release|Any CPU = Release|Any CPU
	EndGlobalSection
	GlobalSection(ProjectConfigurationPlatforms) = postSolution
		{CAD817CA-93E7-489C-9372-5283158035FF}.Debug|Any CPU.ActiveCfg = Debug|Any CPU
		{CAD817CA-93E7-489C-9372-5283158035FF}.Debug|Any CPU.Build.0 = Debug|Any CPU
		{CAD817CA-93E7-489C-9372-5283158035FF}.Release|Any CPU.ActiveCfg = Release|Any CPU
		{CAD817CA-93E7-489C-9372-5283158035FF}.Release|Any CPU.Build.0 = Release|Any CPU
	EndGlobalSection
	GlobalSection(SolutionProperties) = preSolution
		HideSolutionNode = FALSE
	EndGlobalSection
	GlobalSection(ExtensibilityGlobals) = postSolution
		SolutionGuid = {F4EBB4F3-CE19-4167-B8E4-A48F4A3E1459}
	EndGlobalSection
EndGlobal
